
Microsoft Visual Studio Solution File, Format Version 12.00
# Visual Studio Version 16
VisualStudioVersion = 16.0.30907.101
MinimumVisualStudioVersion = 10.0.40219.1
Project("{9A19103F-16F7-4668-BE54-9A1E7A4F7556}") = "LibraryOfGeometricShapes", "Geometric Figures\LibraryOfGeometricShapes.csproj", "{285B3D55-7926-4FB8-812A-8D0490E03042}"
EndProject
Global
	GlobalSection(SolutionConfigurationPlatforms) = preSolution
		Debug|Any CPU = Debug|Any CPU
		Release|Any CPU = Release|Any CPU
	EndGlobalSection
	GlobalSection(ProjectConfigurationPlatforms) = postSolution
		{285B3D55-7926-4FB8-812A-8D0490E03042}.Debug|Any CPU.ActiveCfg = Debug|Any CPU
		{285B3D55-7926-4FB8-812A-8D0490E03042}.Debug|Any CPU.Build.0 = Debug|Any CPU
		{285B3D55-7926-4FB8-812A-8D0490E03042}.Release|Any CPU.ActiveCfg = Release|Any CPU
		{285B3D55-7926-4FB8-812A-8D0490E03042}.Release|Any CPU.Build.0 = Release|Any CPU
	EndGlobalSection
	GlobalSection(SolutionProperties) = preSolution
		HideSolutionNode = FALSE
	EndGlobalSection
	GlobalSection(ExtensibilityGlobals) = postSolution
		SolutionGuid = {E6904A96-2CBF-4034-A978-1C479AFCF8FF}
	EndGlobalSection
EndGlobal
